
Microsoft Visual Studio Solution File, Format Version 12.00
# Visual Studio Version 17
VisualStudioVersion = 17.4.33213.308
MinimumVisualStudioVersion = 10.0.40219.1
Project("{FAE04EC0-301F-11D3-BF4B-00C04F79EFBC}") = "Note-Taking Application", "Note-Taking Application.csproj", "{D2E65121-1655-4EAA-A508-13856622849A}"
EndProject
Global
	GlobalSection(SolutionConfigurationPlatforms) = preSolution
		Debug|Any CPU = Debug|Any CPU
		Release|Any CPU = Release|Any CPU
	EndGlobalSection
	GlobalSection(ProjectConfigurationPlatforms) = postSolution
		{D2E65121-1655-4EAA-A508-13856622849A}.Debug|Any CPU.ActiveCfg = Debug|Any CPU
		{D2E65121-1655-4EAA-A508-13856622849A}.Debug|Any CPU.Build.0 = Debug|Any CPU
		{D2E65121-1655-4EAA-A508-13856622849A}.Release|Any CPU.ActiveCfg = Release|Any CPU
		{D2E65121-1655-4EAA-A508-13856622849A}.Release|Any CPU.Build.0 = Release|Any CPU
	EndGlobalSection
	GlobalSection(SolutionProperties) = preSolution
		HideSolutionNode = FALSE
	EndGlobalSection
	GlobalSection(ExtensibilityGlobals) = postSolution
		SolutionGuid = {FDB3B8EA-BEED-4073-AC0A-B3451CEC8C9A}
	EndGlobalSection
EndGlobal
